// !$*UTF8*$!
{
	archiveVersion = 1;
	classes = {
	};
	objectVersion = 48;
	objects = {

/* Begin PBXBuildFile section */
		3DD8391E5E15D9A70EB3D4CD /* Pods_ClientArchitectureUITests.framework in Frameworks */ = {isa = PBXBuildFile; fileRef = 0195A99C2656CE1B1955FF92 /* Pods_ClientArchitectureUITests.framework */; };
		5471137DD2DFB9ECB91E0FA6 /* Pods_ClientArchitectureTests.framework in Frameworks */ = {isa = PBXBuildFile; fileRef = 5D5FF7C3422F78AA37085DE0 /* Pods_ClientArchitectureTests.framework */; };
		AB161E8835565E7A55EB69B4 /* Pods_ClientArchitecture.framework in Frameworks */ = {isa = PBXBuildFile; fileRef = A60111A7671344FEEE7D188E /* Pods_ClientArchitecture.framework */; };
		EF77EBAC2016153D00C7B5B1 /* MTDatabaseProtocols.swift in Sources */ = {isa = PBXBuildFile; fileRef = EF77EBAB2016153D00C7B5B1 /* MTDatabaseProtocols.swift */; };
		EF77EBAE2016235700C7B5B1 /* MTDatabaseManager.swift in Sources */ = {isa = PBXBuildFile; fileRef = EF77EBAD2016235700C7B5B1 /* MTDatabaseManager.swift */; };
		EFD4215C2015D4FA00A71615 /* AppDelegate.swift in Sources */ = {isa = PBXBuildFile; fileRef = EFD4215B2015D4FA00A71615 /* AppDelegate.swift */; };
		EFD4215E2015D4FA00A71615 /* ViewController.swift in Sources */ = {isa = PBXBuildFile; fileRef = EFD4215D2015D4FA00A71615 /* ViewController.swift */; };
		EFD421612015D4FA00A71615 /* Main.storyboard in Resources */ = {isa = PBXBuildFile; fileRef = EFD4215F2015D4FA00A71615 /* Main.storyboard */; };
		EFD421632015D4FA00A71615 /* Assets.xcassets in Resources */ = {isa = PBXBuildFile; fileRef = EFD421622015D4FA00A71615 /* Assets.xcassets */; };
		EFD421662015D4FA00A71615 /* LaunchScreen.storyboard in Resources */ = {isa = PBXBuildFile; fileRef = EFD421642015D4FA00A71615 /* LaunchScreen.storyboard */; };
		EFD421712015D4FA00A71615 /* ClientArchitectureTests.swift in Sources */ = {isa = PBXBuildFile; fileRef = EFD421702015D4FA00A71615 /* ClientArchitectureTests.swift */; };
		EFD4217C2015D4FB00A71615 /* ClientArchitectureUITests.swift in Sources */ = {isa = PBXBuildFile; fileRef = EFD4217B2015D4FB00A71615 /* ClientArchitectureUITests.swift */; };
/* End PBXBuildFile section */

/* Begin PBXContainerItemProxy section */
		EFD4216D2015D4FA00A71615 /* PBXContainerItemProxy */ = {
			isa = PBXContainerItemProxy;
			containerPortal = EFD421502015D4FA00A71615 /* Project object */;
			proxyType = 1;
			remoteGlobalIDString = EFD421572015D4FA00A71615;
			remoteInfo = ClientArchitecture;
		};
		EFD421782015D4FA00A71615 /* PBXContainerItemProxy */ = {
			isa = PBXContainerItemProxy;
			containerPortal = EFD421502015D4FA00A71615 /* Project object */;
			proxyType = 1;
			remoteGlobalIDString = EFD421572015D4FA00A71615;
			remoteInfo = ClientArchitecture;
		};
/* End PBXContainerItemProxy section */

/* Begin PBXFileReference section */
		0195A99C2656CE1B1955FF92 /* Pods_ClientArchitectureUITests.framework */ = {isa = PBXFileReference; explicitFileType = wrapper.framework; includeInIndex = 0; path = Pods_ClientArchitectureUITests.framework; sourceTree = BUILT_PRODUCTS_DIR; };
		38FA2E49E10310222E51A655 /* Pods-ClientArchitecture.debug.xcconfig */ = {isa = PBXFileReference; includeInIndex = 1; lastKnownFileType = text.xcconfig; name = "Pods-ClientArchitecture.debug.xcconfig"; path = "Pods/Target Support Files/Pods-ClientArchitecture/Pods-ClientArchitecture.debug.xcconfig"; sourceTree = "<group>"; };
		5D5FF7C3422F78AA37085DE0 /* Pods_ClientArchitectureTests.framework */ = {isa = PBXFileReference; explicitFileType = wrapper.framework; includeInIndex = 0; path = Pods_ClientArchitectureTests.framework; sourceTree = BUILT_PRODUCTS_DIR; };
		5F1769191FAF905DABDE3309 /* Pods-ClientArchitectureUITests.release.xcconfig */ = {isa = PBXFileReference; includeInIndex = 1; lastKnownFileType = text.xcconfig; name = "Pods-ClientArchitectureUITests.release.xcconfig"; path = "Pods/Target Support Files/Pods-ClientArchitectureUITests/Pods-ClientArchitectureUITests.release.xcconfig"; sourceTree = "<group>"; };
		A60111A7671344FEEE7D188E /* Pods_ClientArchitecture.framework */ = {isa = PBXFileReference; explicitFileType = wrapper.framework; includeInIndex = 0; path = Pods_ClientArchitecture.framework; sourceTree = BUILT_PRODUCTS_DIR; };
		B1C944649C60B0324B3B2C8E /* Pods-ClientArchitectureUITests.debug.xcconfig */ = {isa = PBXFileReference; includeInIndex = 1; lastKnownFileType = text.xcconfig; name = "Pods-ClientArchitectureUITests.debug.xcconfig"; path = "Pods/Target Support Files/Pods-ClientArchitectureUITests/Pods-ClientArchitectureUITests.debug.xcconfig"; sourceTree = "<group>"; };
		D28F79A4817BB0F465E2B22F /* Pods-ClientArchitecture.release.xcconfig */ = {isa = PBXFileReference; includeInIndex = 1; lastKnownFileType = text.xcconfig; name = "Pods-ClientArchitecture.release.xcconfig"; path = "Pods/Target Support Files/Pods-ClientArchitecture/Pods-ClientArchitecture.release.xcconfig"; sourceTree = "<group>"; };
		DB3879407B9AC5146A39C19D /* Pods-ClientArchitectureTests.debug.xcconfig */ = {isa = PBXFileReference; includeInIndex = 1; lastKnownFileType = text.xcconfig; name = "Pods-ClientArchitectureTests.debug.xcconfig"; path = "Pods/Target Support Files/Pods-ClientArchitectureTests/Pods-ClientArchitectureTests.debug.xcconfig"; sourceTree = "<group>"; };
		EF77EBAB2016153D00C7B5B1 /* MTDatabaseProtocols.swift */ = {isa = PBXFileReference; lastKnownFileType = sourcecode.swift; path = MTDatabaseProtocols.swift; sourceTree = "<group>"; };
		EF77EBAD2016235700C7B5B1 /* MTDatabaseManager.swift */ = {isa = PBXFileReference; lastKnownFileType = sourcecode.swift; path = MTDatabaseManager.swift; sourceTree = "<group>"; };
		EFD421582015D4FA00A71615 /* ClientArchitecture.app */ = {isa = PBXFileReference; explicitFileType = wrapper.application; includeInIndex = 0; path = ClientArchitecture.app; sourceTree = BUILT_PRODUCTS_DIR; };
		EFD4215B2015D4FA00A71615 /* AppDelegate.swift */ = {isa = PBXFileReference; lastKnownFileType = sourcecode.swift; path = AppDelegate.swift; sourceTree = "<group>"; };
		EFD4215D2015D4FA00A71615 /* ViewController.swift */ = {isa = PBXFileReference; lastKnownFileType = sourcecode.swift; path = ViewController.swift; sourceTree = "<group>"; };
		EFD421602015D4FA00A71615 /* Base */ = {isa = PBXFileReference; lastKnownFileType = file.storyboard; name = Base; path = Base.lproj/Main.storyboard; sourceTree = "<group>"; };
		EFD421622015D4FA00A71615 /* Assets.xcassets */ = {isa = PBXFileReference; lastKnownFileType = folder.assetcatalog; path = Assets.xcassets; sourceTree = "<group>"; };
		EFD421652015D4FA00A71615 /* Base */ = {isa = PBXFileReference; lastKnownFileType = file.storyboard; name = Base; path = Base.lproj/LaunchScreen.storyboard; sourceTree = "<group>"; };
		EFD421672015D4FA00A71615 /* Info.plist */ = {isa = PBXFileReference; lastKnownFileType = text.plist.xml; path = Info.plist; sourceTree = "<group>"; };
		EFD4216C2015D4FA00A71615 /* ClientArchitectureTests.xctest */ = {isa = PBXFileReference; explicitFileType = wrapper.cfbundle; includeInIndex = 0; path = ClientArchitectureTests.xctest; sourceTree = BUILT_PRODUCTS_DIR; };
		EFD421702015D4FA00A71615 /* ClientArchitectureTests.swift */ = {isa = PBXFileReference; lastKnownFileType = sourcecode.swift; path = ClientArchitectureTests.swift; sourceTree = "<group>"; };
		EFD421722015D4FA00A71615 /* Info.plist */ = {isa = PBXFileReference; lastKnownFileType = text.plist.xml; path = Info.plist; sourceTree = "<group>"; };
		EFD421772015D4FA00A71615 /* ClientArchitectureUITests.xctest */ = {isa = PBXFileReference; explicitFileType = wrapper.cfbundle; includeInIndex = 0; path = ClientArchitectureUITests.xctest; sourceTree = BUILT_PRODUCTS_DIR; };
		EFD4217B2015D4FB00A71615 /* ClientArchitectureUITests.swift */ = {isa = PBXFileReference; lastKnownFileType = sourcecode.swift; path = ClientArchitectureUITests.swift; sourceTree = "<group>"; };
		EFD4217D2015D4FB00A71615 /* Info.plist */ = {isa = PBXFileReference; lastKnownFileType = text.plist.xml; path = Info.plist; sourceTree = "<group>"; };
		FCC63B458234F3671DB36DD9 /* Pods-ClientArchitectureTests.release.xcconfig */ = {isa = PBXFileReference; includeInIndex = 1; lastKnownFileType = text.xcconfig; name = "Pods-ClientArchitectureTests.release.xcconfig"; path = "Pods/Target Support Files/Pods-ClientArchitectureTests/Pods-ClientArchitectureTests.release.xcconfig"; sourceTree = "<group>"; };
/* End PBXFileReference section */

/* Begin PBXFrameworksBuildPhase section */
		EFD421552015D4FA00A71615 /* Frameworks */ = {
			isa = PBXFrameworksBuildPhase;
			buildActionMask = 2147483647;
			files = (
				AB161E8835565E7A55EB69B4 /* Pods_ClientArchitecture.framework in Frameworks */,
			);
			runOnlyForDeploymentPostprocessing = 0;
		};
		EFD421692015D4FA00A71615 /* Frameworks */ = {
			isa = PBXFrameworksBuildPhase;
			buildActionMask = 2147483647;
			files = (
				5471137DD2DFB9ECB91E0FA6 /* Pods_ClientArchitectureTests.framework in Frameworks */,
			);
			runOnlyForDeploymentPostprocessing = 0;
		};
		EFD421742015D4FA00A71615 /* Frameworks */ = {
			isa = PBXFrameworksBuildPhase;
			buildActionMask = 2147483647;
			files = (
				3DD8391E5E15D9A70EB3D4CD /* Pods_ClientArchitectureUITests.framework in Frameworks */,
			);
			runOnlyForDeploymentPostprocessing = 0;
		};
/* End PBXFrameworksBuildPhase section */

/* Begin PBXGroup section */
		B67AEE472810C04886D26FA9 /* Frameworks */ = {
			isa = PBXGroup;
			children = (
				A60111A7671344FEEE7D188E /* Pods_ClientArchitecture.framework */,
				5D5FF7C3422F78AA37085DE0 /* Pods_ClientArchitectureTests.framework */,
				0195A99C2656CE1B1955FF92 /* Pods_ClientArchitectureUITests.framework */,
			);
			name = Frameworks;
			sourceTree = "<group>";
		};
		E5F1156E272D766343E465BF /* Pods */ = {
			isa = PBXGroup;
			children = (
				38FA2E49E10310222E51A655 /* Pods-ClientArchitecture.debug.xcconfig */,
				D28F79A4817BB0F465E2B22F /* Pods-ClientArchitecture.release.xcconfig */,
				DB3879407B9AC5146A39C19D /* Pods-ClientArchitectureTests.debug.xcconfig */,
				FCC63B458234F3671DB36DD9 /* Pods-ClientArchitectureTests.release.xcconfig */,
				B1C944649C60B0324B3B2C8E /* Pods-ClientArchitectureUITests.debug.xcconfig */,
				5F1769191FAF905DABDE3309 /* Pods-ClientArchitectureUITests.release.xcconfig */,
			);
			name = Pods;
			sourceTree = "<group>";
		};
		EF77EBA42015F9EB00C7B5B1 /* Controllers */ = {
			isa = PBXGroup;
			children = (
				EF77EBB020162D0900C7B5B1 /* Profile */,
				EF77EBAF20162D0200C7B5B1 /* Login */,
			);
			path = Controllers;
			sourceTree = "<group>";
		};
		EF77EBA52015FECF00C7B5B1 /* Database */ = {
			isa = PBXGroup;
			children = (
				EF77EBA72015FF4400C7B5B1 /* DataModels */,
				EF77EBAB2016153D00C7B5B1 /* MTDatabaseProtocols.swift */,
				EF77EBAD2016235700C7B5B1 /* MTDatabaseManager.swift */,
			);
			path = Database;
			sourceTree = "<group>";
		};
		EF77EBA62015FF2000C7B5B1 /* ViewModels */ = {
			isa = PBXGroup;
			children = (
				EF77EBB220162D2100C7B5B1 /* Profile */,
				EF77EBB120162D1A00C7B5B1 /* Login */,
			);
			path = ViewModels;
			sourceTree = "<group>";
		};
		EF77EBA72015FF4400C7B5B1 /* DataModels */ = {
			isa = PBXGroup;
			children = (
			);
			path = DataModels;
			sourceTree = "<group>";
		};
		EF77EBA82015FF5800C7B5B1 /* Views */ = {
			isa = PBXGroup;
			children = (
			);
			path = Views;
			sourceTree = "<group>";
		};
		EF77EBA92016003100C7B5B1 /* Coordinators */ = {
			isa = PBXGroup;
			children = (
			);
			path = Coordinators;
			sourceTree = "<group>";
		};
		EF77EBAA2016020D00C7B5B1 /* Extensions */ = {
			isa = PBXGroup;
			children = (
			);
			path = Extensions;
			sourceTree = "<group>";
		};
		EF77EBAF20162D0200C7B5B1 /* Login */ = {
			isa = PBXGroup;
			children = (
			);
			path = Login;
			sourceTree = "<group>";
		};
		EF77EBB020162D0900C7B5B1 /* Profile */ = {
			isa = PBXGroup;
			children = (
			);
			path = Profile;
			sourceTree = "<group>";
		};
		EF77EBB120162D1A00C7B5B1 /* Login */ = {
			isa = PBXGroup;
			children = (
			);
			path = Login;
			sourceTree = "<group>";
		};
		EF77EBB220162D2100C7B5B1 /* Profile */ = {
			isa = PBXGroup;
			children = (
			);
			path = Profile;
			sourceTree = "<group>";
		};
		EFD4214F2015D4FA00A71615 = {
			isa = PBXGroup;
			children = (
				EFD4215A2015D4FA00A71615 /* ClientArchitecture */,
				EFD4216F2015D4FA00A71615 /* ClientArchitectureTests */,
				EFD4217A2015D4FB00A71615 /* ClientArchitectureUITests */,
				EFD421592015D4FA00A71615 /* Products */,
				E5F1156E272D766343E465BF /* Pods */,
				B67AEE472810C04886D26FA9 /* Frameworks */,
			);
			sourceTree = "<group>";
		};
		EFD421592015D4FA00A71615 /* Products */ = {
			isa = PBXGroup;
			children = (
				EFD421582015D4FA00A71615 /* ClientArchitecture.app */,
				EFD4216C2015D4FA00A71615 /* ClientArchitectureTests.xctest */,
				EFD421772015D4FA00A71615 /* ClientArchitectureUITests.xctest */,
			);
			name = Products;
			sourceTree = "<group>";
		};
		EFD4215A2015D4FA00A71615 /* ClientArchitecture */ = {
			isa = PBXGroup;
			children = (
				EF77EBAA2016020D00C7B5B1 /* Extensions */,
				EF77EBA92016003100C7B5B1 /* Coordinators */,
				EF77EBA82015FF5800C7B5B1 /* Views */,
				EF77EBA62015FF2000C7B5B1 /* ViewModels */,
				EF77EBA52015FECF00C7B5B1 /* Database */,
				EF77EBA42015F9EB00C7B5B1 /* Controllers */,
				EFD4215B2015D4FA00A71615 /* AppDelegate.swift */,
				EFD4215D2015D4FA00A71615 /* ViewController.swift */,
				EFD4215F2015D4FA00A71615 /* Main.storyboard */,
				EFD421622015D4FA00A71615 /* Assets.xcassets */,
				EFD421642015D4FA00A71615 /* LaunchScreen.storyboard */,
				EFD421672015D4FA00A71615 /* Info.plist */,
			);
			path = ClientArchitecture;
			sourceTree = "<group>";
		};
		EFD4216F2015D4FA00A71615 /* ClientArchitectureTests */ = {
			isa = PBXGroup;
			children = (
				EFD421702015D4FA00A71615 /* ClientArchitectureTests.swift */,
				EFD421722015D4FA00A71615 /* Info.plist */,
			);
			path = ClientArchitectureTests;
			sourceTree = "<group>";
		};
		EFD4217A2015D4FB00A71615 /* ClientArchitectureUITests */ = {
			isa = PBXGroup;
			children = (
				EFD4217B2015D4FB00A71615 /* ClientArchitectureUITests.swift */,
				EFD4217D2015D4FB00A71615 /* Info.plist */,
			);
			path = ClientArchitectureUITests;
			sourceTree = "<group>";
		};
/* End PBXGroup section */

/* Begin PBXNativeTarget section */
		EFD421572015D4FA00A71615 /* ClientArchitecture */ = {
			isa = PBXNativeTarget;
			buildConfigurationList = EFD421802015D4FB00A71615 /* Build configuration list for PBXNativeTarget "ClientArchitecture" */;
			buildPhases = (
				1DA27A77104F4000DE038178 /* [CP] Check Pods Manifest.lock */,
				EFD421542015D4FA00A71615 /* Sources */,
				EFD421552015D4FA00A71615 /* Frameworks */,
				EFD421562015D4FA00A71615 /* Resources */,
				0B4F0C04293A29EC2F9BE34C /* [CP] Embed Pods Frameworks */,
				0F408B70980B6CA8E6FDEB30 /* [CP] Copy Pods Resources */,
			);
			buildRules = (
			);
			dependencies = (
			);
			name = ClientArchitecture;
			productName = ClientArchitecture;
			productReference = EFD421582015D4FA00A71615 /* ClientArchitecture.app */;
			productType = "com.apple.product-type.application";
		};
		EFD4216B2015D4FA00A71615 /* ClientArchitectureTests */ = {
			isa = PBXNativeTarget;
			buildConfigurationList = EFD421832015D4FB00A71615 /* Build configuration list for PBXNativeTarget "ClientArchitectureTests" */;
			buildPhases = (
				99C49798F0CDBA3CAD0479BF /* [CP] Check Pods Manifest.lock */,
				EFD421682015D4FA00A71615 /* Sources */,
				EFD421692015D4FA00A71615 /* Frameworks */,
				EFD4216A2015D4FA00A71615 /* Resources */,
				D70B5A79BCF8D0416F793972 /* [CP] Embed Pods Frameworks */,
				1FA5EF6680C44AA3C1E6E1D2 /* [CP] Copy Pods Resources */,
			);
			buildRules = (
			);
			dependencies = (
				EFD4216E2015D4FA00A71615 /* PBXTargetDependency */,
			);
			name = ClientArchitectureTests;
			productName = ClientArchitectureTests;
			productReference = EFD4216C2015D4FA00A71615 /* ClientArchitectureTests.xctest */;
			productType = "com.apple.product-type.bundle.unit-test";
		};
		EFD421762015D4FA00A71615 /* ClientArchitectureUITests */ = {
			isa = PBXNativeTarget;
			buildConfigurationList = EFD421862015D4FB00A71615 /* Build configuration list for PBXNativeTarget "ClientArchitectureUITests" */;
			buildPhases = (
				0127A2AB577BCB7459EDDC47 /* [CP] Check Pods Manifest.lock */,
				EFD421732015D4FA00A71615 /* Sources */,
				EFD421742015D4FA00A71615 /* Frameworks */,
				EFD421752015D4FA00A71615 /* Resources */,
				E2B4CBA4B36D63E7406F8A9A /* [CP] Embed Pods Frameworks */,
				42D6905DF2E93CB08D568DBA /* [CP] Copy Pods Resources */,
			);
			buildRules = (
			);
			dependencies = (
				EFD421792015D4FA00A71615 /* PBXTargetDependency */,
			);
			name = ClientArchitectureUITests;
			productName = ClientArchitectureUITests;
			productReference = EFD421772015D4FA00A71615 /* ClientArchitectureUITests.xctest */;
			productType = "com.apple.product-type.bundle.ui-testing";
		};
/* End PBXNativeTarget section */

/* Begin PBXProject section */
		EFD421502015D4FA00A71615 /* Project object */ = {
			isa = PBXProject;
			attributes = {
				LastSwiftUpdateCheck = 0900;
				LastUpgradeCheck = 0900;
				ORGANIZATIONNAME = "Astha Gupta";
				TargetAttributes = {
					EFD421572015D4FA00A71615 = {
						CreatedOnToolsVersion = 9.0.1;
						ProvisioningStyle = Automatic;
					};
					EFD4216B2015D4FA00A71615 = {
						CreatedOnToolsVersion = 9.0.1;
						ProvisioningStyle = Automatic;
						TestTargetID = EFD421572015D4FA00A71615;
					};
					EFD421762015D4FA00A71615 = {
						CreatedOnToolsVersion = 9.0.1;
						ProvisioningStyle = Automatic;
						TestTargetID = EFD421572015D4FA00A71615;
					};
				};
			};
			buildConfigurationList = EFD421532015D4FA00A71615 /* Build configuration list for PBXProject "ClientArchitecture" */;
			compatibilityVersion = "Xcode 8.0";
			developmentRegion = en;
			hasScannedForEncodings = 0;
			knownRegions = (
				en,
				Base,
			);
			mainGroup = EFD4214F2015D4FA00A71615;
			productRefGroup = EFD421592015D4FA00A71615 /* Products */;
			projectDirPath = "";
			projectRoot = "";
			targets = (
				EFD421572015D4FA00A71615 /* ClientArchitecture */,
				EFD4216B2015D4FA00A71615 /* ClientArchitectureTests */,
				EFD421762015D4FA00A71615 /* ClientArchitectureUITests */,
			);
		};
/* End PBXProject section */

/* Begin PBXResourcesBuildPhase section */
		EFD421562015D4FA00A71615 /* Resources */ = {
			isa = PBXResourcesBuildPhase;
			buildActionMask = 2147483647;
			files = (
				EFD421662015D4FA00A71615 /* LaunchScreen.storyboard in Resources */,
				EFD421632015D4FA00A71615 /* Assets.xcassets in Resources */,
				EFD421612015D4FA00A71615 /* Main.storyboard in Resources */,
			);
			runOnlyForDeploymentPostprocessing = 0;
		};
		EFD4216A2015D4FA00A71615 /* Resources */ = {
			isa = PBXResourcesBuildPhase;
			buildActionMask = 2147483647;
			files = (
			);
			runOnlyForDeploymentPostprocessing = 0;
		};
		EFD421752015D4FA00A71615 /* Resources */ = {
			isa = PBXResourcesBuildPhase;
			buildActionMask = 2147483647;
			files = (
			);
			runOnlyForDeploymentPostprocessing = 0;
		};
/* End PBXResourcesBuildPhase section */

/* Begin PBXShellScriptBuildPhase section */
		0127A2AB577BCB7459EDDC47 /* [CP] Check Pods Manifest.lock */ = {
			isa = PBXShellScriptBuildPhase;
			buildActionMask = 2147483647;
			files = (
			);
			inputPaths = (
			);
			name = "[CP] Check Pods Manifest.lock";
			outputPaths = (
			);
			runOnlyForDeploymentPostprocessing = 0;
			shellPath = /bin/sh;
			shellScript = "diff \"${PODS_ROOT}/../Podfile.lock\" \"${PODS_ROOT}/Manifest.lock\" > /dev/null\nif [ $? != 0 ] ; then\n    # print error to STDERR\n    echo \"error: The sandbox is not in sync with the Podfile.lock. Run 'pod install' or update your CocoaPods installation.\" >&2\n    exit 1\nfi\n";
			showEnvVarsInLog = 0;
		};
		0B4F0C04293A29EC2F9BE34C /* [CP] Embed Pods Frameworks */ = {
			isa = PBXShellScriptBuildPhase;
			buildActionMask = 2147483647;
			files = (
			);
			inputPaths = (
			);
			name = "[CP] Embed Pods Frameworks";
			outputPaths = (
			);
			runOnlyForDeploymentPostprocessing = 0;
			shellPath = /bin/sh;
			shellScript = "\"${SRCROOT}/Pods/Target Support Files/Pods-ClientArchitecture/Pods-ClientArchitecture-frameworks.sh\"\n";
			showEnvVarsInLog = 0;
		};
		0F408B70980B6CA8E6FDEB30 /* [CP] Copy Pods Resources */ = {
			isa = PBXShellScriptBuildPhase;
			buildActionMask = 2147483647;
			files = (
			);
			inputPaths = (
			);
			name = "[CP] Copy Pods Resources";
			outputPaths = (
			);
			runOnlyForDeploymentPostprocessing = 0;
			shellPath = /bin/sh;
			shellScript = "\"${SRCROOT}/Pods/Target Support Files/Pods-ClientArchitecture/Pods-ClientArchitecture-resources.sh\"\n";
			showEnvVarsInLog = 0;
		};
		1DA27A77104F4000DE038178 /* [CP] Check Pods Manifest.lock */ = {
			isa = PBXShellScriptBuildPhase;
			buildActionMask = 2147483647;
			files = (
			);
			inputPaths = (
			);
			name = "[CP] Check Pods Manifest.lock";
			outputPaths = (
			);
			runOnlyForDeploymentPostprocessing = 0;
			shellPath = /bin/sh;
			shellScript = "diff \"${PODS_ROOT}/../Podfile.lock\" \"${PODS_ROOT}/Manifest.lock\" > /dev/null\nif [ $? != 0 ] ; then\n    # print error to STDERR\n    echo \"error: The sandbox is not in sync with the Podfile.lock. Run 'pod install' or update your CocoaPods installation.\" >&2\n    exit 1\nfi\n";
			showEnvVarsInLog = 0;
		};
		1FA5EF6680C44AA3C1E6E1D2 /* [CP] Copy Pods Resources */ = {
			isa = PBXShellScriptBuildPhase;
			buildActionMask = 2147483647;
			files = (
			);
			inputPaths = (
			);
			name = "[CP] Copy Pods Resources";
			outputPaths = (
			);
			runOnlyForDeploymentPostprocessing = 0;
			shellPath = /bin/sh;
			shellScript = "\"${SRCROOT}/Pods/Target Support Files/Pods-ClientArchitectureTests/Pods-ClientArchitectureTests-resources.sh\"\n";
			showEnvVarsInLog = 0;
		};
		42D6905DF2E93CB08D568DBA /* [CP] Copy Pods Resources */ = {
			isa = PBXShellScriptBuildPhase;
			buildActionMask = 2147483647;
			files = (
			);
			inputPaths = (
			);
			name = "[CP] Copy Pods Resources";
			outputPaths = (
			);
			runOnlyForDeploymentPostprocessing = 0;
			shellPath = /bin/sh;
			shellScript = "\"${SRCROOT}/Pods/Target Support Files/Pods-ClientArchitectureUITests/Pods-ClientArchitectureUITests-resources.sh\"\n";
			showEnvVarsInLog = 0;
		};
		99C49798F0CDBA3CAD0479BF /* [CP] Check Pods Manifest.lock */ = {
			isa = PBXShellScriptBuildPhase;
			buildActionMask = 2147483647;
			files = (
			);
			inputPaths = (
			);
			name = "[CP] Check Pods Manifest.lock";
			outputPaths = (
			);
			runOnlyForDeploymentPostprocessing = 0;
			shellPath = /bin/sh;
			shellScript = "diff \"${PODS_ROOT}/../Podfile.lock\" \"${PODS_ROOT}/Manifest.lock\" > /dev/null\nif [ $? != 0 ] ; then\n    # print error to STDERR\n    echo \"error: The sandbox is not in sync with the Podfile.lock. Run 'pod install' or update your CocoaPods installation.\" >&2\n    exit 1\nfi\n";
			showEnvVarsInLog = 0;
		};
		D70B5A79BCF8D0416F793972 /* [CP] Embed Pods Frameworks */ = {
			isa = PBXShellScriptBuildPhase;
			buildActionMask = 2147483647;
			files = (
			);
			inputPaths = (
			);
			name = "[CP] Embed Pods Frameworks";
			outputPaths = (
			);
			runOnlyForDeploymentPostprocessing = 0;
			shellPath = /bin/sh;
			shellScript = "\"${SRCROOT}/Pods/Target Support Files/Pods-ClientArchitectureTests/Pods-ClientArchitectureTests-frameworks.sh\"\n";
			showEnvVarsInLog = 0;
		};
		E2B4CBA4B36D63E7406F8A9A /* [CP] Embed Pods Frameworks */ = {
			isa = PBXShellScriptBuildPhase;
			buildActionMask = 2147483647;
			files = (
			);
			inputPaths = (
			);
			name = "[CP] Embed Pods Frameworks";
			outputPaths = (
			);
			runOnlyForDeploymentPostprocessing = 0;
			shellPath = /bin/sh;
			shellScript = "\"${SRCROOT}/Pods/Target Support Files/Pods-ClientArchitectureUITests/Pods-ClientArchitectureUITests-frameworks.sh\"\n";
			showEnvVarsInLog = 0;
		};
/* End PBXShellScriptBuildPhase section */

/* Begin PBXSourcesBuildPhase section */
		EFD421542015D4FA00A71615 /* Sources */ = {
			isa = PBXSourcesBuildPhase;
			buildActionMask = 2147483647;
			files = (
				EFD4215E2015D4FA00A71615 /* ViewController.swift in Sources */,
				EFD4215C2015D4FA00A71615 /* AppDelegate.swift in Sources */,
				EF77EBAC2016153D00C7B5B1 /* MTDatabaseProtocols.swift in Sources */,
				EF77EBAE2016235700C7B5B1 /* MTDatabaseManager.swift in Sources */,
			);
			runOnlyForDeploymentPostprocessing = 0;
		};
		EFD421682015D4FA00A71615 /* Sources */ = {
			isa = PBXSourcesBuildPhase;
			buildActionMask = 2147483647;
			files = (
				EFD421712015D4FA00A71615 /* ClientArchitectureTests.swift in Sources */,
			);
			runOnlyForDeploymentPostprocessing = 0;
		};
		EFD421732015D4FA00A71615 /* Sources */ = {
			isa = PBXSourcesBuildPhase;
			buildActionMask = 2147483647;
			files = (
				EFD4217C2015D4FB00A71615 /* ClientArchitectureUITests.swift in Sources */,
			);
			runOnlyForDeploymentPostprocessing = 0;
		};
/* End PBXSourcesBuildPhase section */

/* Begin PBXTargetDependency section */
		EFD4216E2015D4FA00A71615 /* PBXTargetDependency */ = {
			isa = PBXTargetDependency;
			target = EFD421572015D4FA00A71615 /* ClientArchitecture */;
			targetProxy = EFD4216D2015D4FA00A71615 /* PBXContainerItemProxy */;
		};
		EFD421792015D4FA00A71615 /* PBXTargetDependency */ = {
			isa = PBXTargetDependency;
			target = EFD421572015D4FA00A71615 /* ClientArchitecture */;
			targetProxy = EFD421782015D4FA00A71615 /* PBXContainerItemProxy */;
		};
/* End PBXTargetDependency section */

/* Begin PBXVariantGroup section */
		EFD4215F2015D4FA00A71615 /* Main.storyboard */ = {
			isa = PBXVariantGroup;
			children = (
				EFD421602015D4FA00A71615 /* Base */,
			);
			name = Main.storyboard;
			sourceTree = "<group>";
		};
		EFD421642015D4FA00A71615 /* LaunchScreen.storyboard */ = {
			isa = PBXVariantGroup;
			children = (
				EFD421652015D4FA00A71615 /* Base */,
			);
			name = LaunchScreen.storyboard;
			sourceTree = "<group>";
		};
/* End PBXVariantGroup section */

/* Begin XCBuildConfiguration section */
		EFD4217E2015D4FB00A71615 /* Debug */ = {
			isa = XCBuildConfiguration;
			buildSettings = {
				ALWAYS_SEARCH_USER_PATHS = NO;
				CLANG_ANALYZER_NONNULL = YES;
				CLANG_ANALYZER_NUMBER_OBJECT_CONVERSION = YES_AGGRESSIVE;
				CLANG_CXX_LANGUAGE_STANDARD = "gnu++14";
				CLANG_CXX_LIBRARY = "libc++";
				CLANG_ENABLE_MODULES = YES;
				CLANG_ENABLE_OBJC_ARC = YES;
				CLANG_WARN_BLOCK_CAPTURE_AUTORELEASING = YES;
				CLANG_WARN_BOOL_CONVERSION = YES;
				CLANG_WARN_COMMA = YES;
				CLANG_WARN_CONSTANT_CONVERSION = YES;
				CLANG_WARN_DIRECT_OBJC_ISA_USAGE = YES_ERROR;
				CLANG_WARN_DOCUMENTATION_COMMENTS = YES;
				CLANG_WARN_EMPTY_BODY = YES;
				CLANG_WARN_ENUM_CONVERSION = YES;
				CLANG_WARN_INFINITE_RECURSION = YES;
				CLANG_WARN_INT_CONVERSION = YES;
				CLANG_WARN_NON_LITERAL_NULL_CONVERSION = YES;
				CLANG_WARN_OBJC_LITERAL_CONVERSION = YES;
				CLANG_WARN_OBJC_ROOT_CLASS = YES_ERROR;
				CLANG_WARN_RANGE_LOOP_ANALYSIS = YES;
				CLANG_WARN_STRICT_PROTOTYPES = YES;
				CLANG_WARN_SUSPICIOUS_MOVE = YES;
				CLANG_WARN_UNGUARDED_AVAILABILITY = YES_AGGRESSIVE;
				CLANG_WARN_UNREACHABLE_CODE = YES;
				CLANG_WARN__DUPLICATE_METHOD_MATCH = YES;
				CODE_SIGN_IDENTITY = "iPhone Developer";
				COPY_PHASE_STRIP = NO;
				DEBUG_INFORMATION_FORMAT = dwarf;
				ENABLE_STRICT_OBJC_MSGSEND = YES;
				ENABLE_TESTABILITY = YES;
				GCC_C_LANGUAGE_STANDARD = gnu11;
				GCC_DYNAMIC_NO_PIC = NO;
				GCC_NO_COMMON_BLOCKS = YES;
				GCC_OPTIMIZATION_LEVEL = 0;
				GCC_PREPROCESSOR_DEFINITIONS = (
					"DEBUG=1",
					"$(inherited)",
				);
				GCC_WARN_64_TO_32_BIT_CONVERSION = YES;
				GCC_WARN_ABOUT_RETURN_TYPE = YES_ERROR;
				GCC_WARN_UNDECLARED_SELECTOR = YES;
				GCC_WARN_UNINITIALIZED_AUTOS = YES_AGGRESSIVE;
				GCC_WARN_UNUSED_FUNCTION = YES;
				GCC_WARN_UNUSED_VARIABLE = YES;
				IPHONEOS_DEPLOYMENT_TARGET = 11.0;
				MTL_ENABLE_DEBUG_INFO = YES;
				ONLY_ACTIVE_ARCH = YES;
				SDKROOT = iphoneos;
				SWIFT_ACTIVE_COMPILATION_CONDITIONS = DEBUG;
				SWIFT_OPTIMIZATION_LEVEL = "-Onone";
			};
			name = Debug;
		};
		EFD4217F2015D4FB00A71615 /* Release */ = {
			isa = XCBuildConfiguration;
			buildSettings = {
				ALWAYS_SEARCH_USER_PATHS = NO;
				CLANG_ANALYZER_NONNULL = YES;
				CLANG_ANALYZER_NUMBER_OBJECT_CONVERSION = YES_AGGRESSIVE;
				CLANG_CXX_LANGUAGE_STANDARD = "gnu++14";
				CLANG_CXX_LIBRARY = "libc++";
				CLANG_ENABLE_MODULES = YES;
				CLANG_ENABLE_OBJC_ARC = YES;
				CLANG_WARN_BLOCK_CAPTURE_AUTORELEASING = YES;
				CLANG_WARN_BOOL_CONVERSION = YES;
				CLANG_WARN_COMMA = YES;
				CLANG_WARN_CONSTANT_CONVERSION = YES;
				CLANG_WARN_DIRECT_OBJC_ISA_USAGE = YES_ERROR;
				CLANG_WARN_DOCUMENTATION_COMMENTS = YES;
				CLANG_WARN_EMPTY_BODY = YES;
				CLANG_WARN_ENUM_CONVERSION = YES;
				CLANG_WARN_INFINITE_RECURSION = YES;
				CLANG_WARN_INT_CONVERSION = YES;
				CLANG_WARN_NON_LITERAL_NULL_CONVERSION = YES;
				CLANG_WARN_OBJC_LITERAL_CONVERSION = YES;
				CLANG_WARN_OBJC_ROOT_CLASS = YES_ERROR;
				CLANG_WARN_RANGE_LOOP_ANALYSIS = YES;
				CLANG_WARN_STRICT_PROTOTYPES = YES;
				CLANG_WARN_SUSPICIOUS_MOVE = YES;
				CLANG_WARN_UNGUARDED_AVAILABILITY = YES_AGGRESSIVE;
				CLANG_WARN_UNREACHABLE_CODE = YES;
				CLANG_WARN__DUPLICATE_METHOD_MATCH = YES;
				CODE_SIGN_IDENTITY = "iPhone Developer";
				COPY_PHASE_STRIP = NO;
				DEBUG_INFORMATION_FORMAT = "dwarf-with-dsym";
				ENABLE_NS_ASSERTIONS = NO;
				ENABLE_STRICT_OBJC_MSGSEND = YES;
				GCC_C_LANGUAGE_STANDARD = gnu11;
				GCC_NO_COMMON_BLOCKS = YES;
				GCC_WARN_64_TO_32_BIT_CONVERSION = YES;
				GCC_WARN_ABOUT_RETURN_TYPE = YES_ERROR;
				GCC_WARN_UNDECLARED_SELECTOR = YES;
				GCC_WARN_UNINITIALIZED_AUTOS = YES_AGGRESSIVE;
				GCC_WARN_UNUSED_FUNCTION = YES;
				GCC_WARN_UNUSED_VARIABLE = YES;
				IPHONEOS_DEPLOYMENT_TARGET = 11.0;
				MTL_ENABLE_DEBUG_INFO = NO;
				SDKROOT = iphoneos;
				SWIFT_OPTIMIZATION_LEVEL = "-Owholemodule";
				VALIDATE_PRODUCT = YES;
			};
			name = Release;
		};
		EFD421812015D4FB00A71615 /* Debug */ = {
			isa = XCBuildConfiguration;
			baseConfigurationReference = 38FA2E49E10310222E51A655 /* Pods-ClientArchitecture.debug.xcconfig */;
			buildSettings = {
				ASSETCATALOG_COMPILER_APPICON_NAME = AppIcon;
				CODE_SIGN_STYLE = Automatic;
				INFOPLIST_FILE = ClientArchitecture/Info.plist;
				LD_RUNPATH_SEARCH_PATHS = "$(inherited) @executable_path/Frameworks";
				PRODUCT_BUNDLE_IDENTIFIER = com.ag.ClientArchitecture;
				PRODUCT_NAME = "$(TARGET_NAME)";
				SWIFT_VERSION = 4.0;
				TARGETED_DEVICE_FAMILY = "1,2";
			};
			name = Debug;
		};
		EFD421822015D4FB00A71615 /* Release */ = {
			isa = XCBuildConfiguration;
			baseConfigurationReference = D28F79A4817BB0F465E2B22F /* Pods-ClientArchitecture.release.xcconfig */;
			buildSettings = {
				ASSETCATALOG_COMPILER_APPICON_NAME = AppIcon;
				CODE_SIGN_STYLE = Automatic;
				INFOPLIST_FILE = ClientArchitecture/Info.plist;
				LD_RUNPATH_SEARCH_PATHS = "$(inherited) @executable_path/Frameworks";
				PRODUCT_BUNDLE_IDENTIFIER = com.ag.ClientArchitecture;
				PRODUCT_NAME = "$(TARGET_NAME)";
				SWIFT_VERSION = 4.0;
				TARGETED_DEVICE_FAMILY = "1,2";
			};
			name = Release;
		};
		EFD421842015D4FB00A71615 /* Debug */ = {
			isa = XCBuildConfiguration;
			baseConfigurationReference = DB3879407B9AC5146A39C19D /* Pods-ClientArchitectureTests.debug.xcconfig */;
			buildSettings = {
				ALWAYS_EMBED_SWIFT_STANDARD_LIBRARIES = YES;
				BUNDLE_LOADER = "$(TEST_HOST)";
				CODE_SIGN_STYLE = Automatic;
				INFOPLIST_FILE = ClientArchitectureTests/Info.plist;
				LD_RUNPATH_SEARCH_PATHS = "$(inherited) @executable_path/Frameworks @loader_path/Frameworks";
				PRODUCT_BUNDLE_IDENTIFIER = com.ag.ClientArchitectureTests;
				PRODUCT_NAME = "$(TARGET_NAME)";
				SWIFT_VERSION = 4.0;
				TARGETED_DEVICE_FAMILY = "1,2";
				TEST_HOST = "$(BUILT_PRODUCTS_DIR)/ClientArchitecture.app/ClientArchitecture";
			};
			name = Debug;
		};
		EFD421852015D4FB00A71615 /* Release */ = {
			isa = XCBuildConfiguration;
			baseConfigurationReference = FCC63B458234F3671DB36DD9 /* Pods-ClientArchitectureTests.release.xcconfig */;
			buildSettings = {
				ALWAYS_EMBED_SWIFT_STANDARD_LIBRARIES = YES;
				BUNDLE_LOADER = "$(TEST_HOST)";
				CODE_SIGN_STYLE = Automatic;
				INFOPLIST_FILE = ClientArchitectureTests/Info.plist;
				LD_RUNPATH_SEARCH_PATHS = "$(inherited) @executable_path/Frameworks @loader_path/Frameworks";
				PRODUCT_BUNDLE_IDENTIFIER = com.ag.ClientArchitectureTests;
				PRODUCT_NAME = "$(TARGET_NAME)";
				SWIFT_VERSION = 4.0;
				TARGETED_DEVICE_FAMILY = "1,2";
				TEST_HOST = "$(BUILT_PRODUCTS_DIR)/ClientArchitecture.app/ClientArchitecture";
			};
			name = Release;
		};
		EFD421872015D4FB00A71615 /* Debug */ = {
			isa = XCBuildConfiguration;
			baseConfigurationReference = B1C944649C60B0324B3B2C8E /* Pods-ClientArchitectureUITests.debug.xcconfig */;
			buildSettings = {
				ALWAYS_EMBED_SWIFT_STANDARD_LIBRARIES = YES;
				CODE_SIGN_STYLE = Automatic;
				INFOPLIST_FILE = ClientArchitectureUITests/Info.plist;
				LD_RUNPATH_SEARCH_PATHS = "$(inherited) @executable_path/Frameworks @loader_path/Frameworks";
				PRODUCT_BUNDLE_IDENTIFIER = com.ag.ClientArchitectureUITests;
				PRODUCT_NAME = "$(TARGET_NAME)";
				SWIFT_VERSION = 4.0;
				TARGETED_DEVICE_FAMILY = "1,2";
				TEST_TARGET_NAME = ClientArchitecture;
			};
			name = Debug;
		};
		EFD421882015D4FB00A71615 /* Release */ = {
			isa = XCBuildConfiguration;
			baseConfigurationReference = 5F1769191FAF905DABDE3309 /* Pods-ClientArchitectureUITests.release.xcconfig */;
			buildSettings = {
				ALWAYS_EMBED_SWIFT_STANDARD_LIBRARIES = YES;
				CODE_SIGN_STYLE = Automatic;
				INFOPLIST_FILE = ClientArchitectureUITests/Info.plist;
				LD_RUNPATH_SEARCH_PATHS = "$(inherited) @executable_path/Frameworks @loader_path/Frameworks";
				PRODUCT_BUNDLE_IDENTIFIER = com.ag.ClientArchitectureUITests;
				PRODUCT_NAME = "$(TARGET_NAME)";
				SWIFT_VERSION = 4.0;
				TARGETED_DEVICE_FAMILY = "1,2";
				TEST_TARGET_NAME = ClientArchitecture;
			};
			name = Release;
		};
/* End XCBuildConfiguration section */

/* Begin XCConfigurationList section */
		EFD421532015D4FA00A71615 /* Build configuration list for PBXProject "ClientArchitecture" */ = {
			isa = XCConfigurationList;
			buildConfigurations = (
				EFD4217E2015D4FB00A71615 /* Debug */,
				EFD4217F2015D4FB00A71615 /* Release */,
			);
			defaultConfigurationIsVisible = 0;
			defaultConfigurationName = Release;
		};
		EFD421802015D4FB00A71615 /* Build configuration list for PBXNativeTarget "ClientArchitecture" */ = {
			isa = XCConfigurationList;
			buildConfigurations = (
				EFD421812015D4FB00A71615 /* Debug */,
				EFD421822015D4FB00A71615 /* Release */,
			);
			defaultConfigurationIsVisible = 0;
			defaultConfigurationName = Release;
		};
		EFD421832015D4FB00A71615 /* Build configuration list for PBXNativeTarget "ClientArchitectureTests" */ = {
			isa = XCConfigurationList;
			buildConfigurations = (
				EFD421842015D4FB00A71615 /* Debug */,
				EFD421852015D4FB00A71615 /* Release */,
			);
			defaultConfigurationIsVisible = 0;
			defaultConfigurationName = Release;
		};
		EFD421862015D4FB00A71615 /* Build configuration list for PBXNativeTarget "ClientArchitectureUITests" */ = {
			isa = XCConfigurationList;
			buildConfigurations = (
				EFD421872015D4FB00A71615 /* Debug */,
				EFD421882015D4FB00A71615 /* Release */,
			);
			defaultConfigurationIsVisible = 0;
			defaultConfigurationName = Release;
		};
/* End XCConfigurationList section */
	};
	rootObject = EFD421502015D4FA00A71615 /* Project object */;
}
